
Microsoft Visual Studio Solution File, Format Version 12.00
# Visual Studio 2012
Project("{FAE04EC0-301F-11D3-BF4B-00C04F79EFBC}") = "HandlerOrdering", "HandlerOrdering\HandlerOrdering.csproj", "{6252324B-3DE9-4DA1-B531-C1555B8D7C8D}"
EndProject
Global
	GlobalSection(SolutionConfigurationPlatforms) = preSolution
		Debug|Any CPU = Debug|Any CPU
		Deployable|Any CPU = Deployable|Any CPU
		Release|Any CPU = Release|Any CPU
	EndGlobalSection
	GlobalSection(ProjectConfigurationPlatforms) = postSolution
		{6252324B-3DE9-4DA1-B531-C1555B8D7C8D}.Debug|Any CPU.ActiveCfg = Debug|Any CPU
		{6252324B-3DE9-4DA1-B531-C1555B8D7C8D}.Debug|Any CPU.Build.0 = Debug|Any CPU
		{6252324B-3DE9-4DA1-B531-C1555B8D7C8D}.Deployable|Any CPU.ActiveCfg = Deployable|Any CPU
		{6252324B-3DE9-4DA1-B531-C1555B8D7C8D}.Deployable|Any CPU.Build.0 = Deployable|Any CPU
		{6252324B-3DE9-4DA1-B531-C1555B8D7C8D}.Release|Any CPU.ActiveCfg = Release|Any CPU
		{6252324B-3DE9-4DA1-B531-C1555B8D7C8D}.Release|Any CPU.Build.0 = Release|Any CPU
	EndGlobalSection
	GlobalSection(SolutionProperties) = preSolution
		HideSolutionNode = FALSE
	EndGlobalSection
EndGlobal
