
Microsoft Visual Studio Solution File, Format Version 12.00
# Visual Studio 14
VisualStudioVersion = 14.0.25420.1
MinimumVisualStudioVersion = 10.0.40219.1
Project("{FAE04EC0-301F-11D3-BF4B-00C04F79EFBC}") = "HandlerOrdering", "HandlerOrdering\HandlerOrdering.csproj", "{6252324B-3DE9-4DA1-B531-C1555B8D7C8D}"
EndProject
Project("{FAE04EC0-301F-11D3-BF4B-00C04F79EFBC}") = "Sample", "Sample\Sample.csproj", "{161F9409-B0F7-4940-9C3A-988B8A9DBDD0}"
EndProject
Project("{FAE04EC0-301F-11D3-BF4B-00C04F79EFBC}") = "Tests", "Tests\Tests.csproj", "{58EAA6EA-37E3-4324-8E3B-BBC51DEA5B7F}"
EndProject
Global
	GlobalSection(SolutionConfigurationPlatforms) = preSolution
		Debug|Any CPU = Debug|Any CPU
		Release|Any CPU = Release|Any CPU
	EndGlobalSection
	GlobalSection(ProjectConfigurationPlatforms) = postSolution
		{6252324B-3DE9-4DA1-B531-C1555B8D7C8D}.Debug|Any CPU.ActiveCfg = Debug|Any CPU
		{6252324B-3DE9-4DA1-B531-C1555B8D7C8D}.Debug|Any CPU.Build.0 = Debug|Any CPU
		{6252324B-3DE9-4DA1-B531-C1555B8D7C8D}.Release|Any CPU.ActiveCfg = Release|Any CPU
		{6252324B-3DE9-4DA1-B531-C1555B8D7C8D}.Release|Any CPU.Build.0 = Release|Any CPU
		{161F9409-B0F7-4940-9C3A-988B8A9DBDD0}.Debug|Any CPU.ActiveCfg = Debug|Any CPU
		{161F9409-B0F7-4940-9C3A-988B8A9DBDD0}.Debug|Any CPU.Build.0 = Debug|Any CPU
		{161F9409-B0F7-4940-9C3A-988B8A9DBDD0}.Release|Any CPU.ActiveCfg = Release|Any CPU
		{161F9409-B0F7-4940-9C3A-988B8A9DBDD0}.Release|Any CPU.Build.0 = Release|Any CPU
		{58EAA6EA-37E3-4324-8E3B-BBC51DEA5B7F}.Debug|Any CPU.ActiveCfg = Debug|Any CPU
		{58EAA6EA-37E3-4324-8E3B-BBC51DEA5B7F}.Debug|Any CPU.Build.0 = Debug|Any CPU
		{58EAA6EA-37E3-4324-8E3B-BBC51DEA5B7F}.Release|Any CPU.ActiveCfg = Release|Any CPU
		{58EAA6EA-37E3-4324-8E3B-BBC51DEA5B7F}.Release|Any CPU.Build.0 = Release|Any CPU
	EndGlobalSection
	GlobalSection(SolutionProperties) = preSolution
		HideSolutionNode = FALSE
	EndGlobalSection
EndGlobal
